
Microsoft Visual Studio Solution File, Format Version 12.00
# Visual Studio Version 16
VisualStudioVersion = 16.0.30621.155
MinimumVisualStudioVersion = 10.0.40219.1
Project("{9A19103F-16F7-4668-BE54-9A1E7A4F7556}") = "workout", "workout.csproj", "{8F52B08E-347D-4B63-8F06-B1D0D7AB9BB3}"
EndProject
Project("{9A19103F-16F7-4668-BE54-9A1E7A4F7556}") = "workout.tests", "workout.tests\workout.tests.csproj", "{3F9643D1-186C-4B63-8D1F-28546FBF27ED}"
EndProject
Global
	GlobalSection(SolutionConfigurationPlatforms) = preSolution
		Debug|Any CPU = Debug|Any CPU
		Release|Any CPU = Release|Any CPU
	EndGlobalSection
	GlobalSection(ProjectConfigurationPlatforms) = postSolution
		{8F52B08E-347D-4B63-8F06-B1D0D7AB9BB3}.Debug|Any CPU.ActiveCfg = Debug|Any CPU
		{8F52B08E-347D-4B63-8F06-B1D0D7AB9BB3}.Debug|Any CPU.Build.0 = Debug|Any CPU
		{8F52B08E-347D-4B63-8F06-B1D0D7AB9BB3}.Release|Any CPU.ActiveCfg = Release|Any CPU
		{8F52B08E-347D-4B63-8F06-B1D0D7AB9BB3}.Release|Any CPU.Build.0 = Release|Any CPU
		{3F9643D1-186C-4B63-8D1F-28546FBF27ED}.Debug|Any CPU.ActiveCfg = Debug|Any CPU
		{3F9643D1-186C-4B63-8D1F-28546FBF27ED}.Debug|Any CPU.Build.0 = Debug|Any CPU
		{3F9643D1-186C-4B63-8D1F-28546FBF27ED}.Release|Any CPU.ActiveCfg = Release|Any CPU
		{3F9643D1-186C-4B63-8D1F-28546FBF27ED}.Release|Any CPU.Build.0 = Release|Any CPU
	EndGlobalSection
	GlobalSection(SolutionProperties) = preSolution
		HideSolutionNode = FALSE
	EndGlobalSection
	GlobalSection(ExtensibilityGlobals) = postSolution
		SolutionGuid = {544C0586-77C6-4C5B-BB2D-4984E8E02F86}
	EndGlobalSection
EndGlobal
